
Microsoft Visual Studio Solution File, Format Version 12.00
# Visual Studio Version 17
VisualStudioVersion = 17.10.34928.147
MinimumVisualStudioVersion = 10.0.40219.1
Project("{FAE04EC0-301F-11D3-BF4B-00C04F79EFBC}") = "MVC_20241114", "MVC_20241114\MVC_20241114.csproj", "{2D24EABA-9E71-4707-B8DE-B290532AE51B}"
EndProject
Global
	GlobalSection(SolutionConfigurationPlatforms) = preSolution
		Debug|Any CPU = Debug|Any CPU
		Release|Any CPU = Release|Any CPU
	EndGlobalSection
	GlobalSection(ProjectConfigurationPlatforms) = postSolution
		{2D24EABA-9E71-4707-B8DE-B290532AE51B}.Debug|Any CPU.ActiveCfg = Debug|Any CPU
		{2D24EABA-9E71-4707-B8DE-B290532AE51B}.Debug|Any CPU.Build.0 = Debug|Any CPU
		{2D24EABA-9E71-4707-B8DE-B290532AE51B}.Release|Any CPU.ActiveCfg = Release|Any CPU
		{2D24EABA-9E71-4707-B8DE-B290532AE51B}.Release|Any CPU.Build.0 = Release|Any CPU
	EndGlobalSection
	GlobalSection(SolutionProperties) = preSolution
		HideSolutionNode = FALSE
	EndGlobalSection
	GlobalSection(ExtensibilityGlobals) = postSolution
		SolutionGuid = {0F1035ED-56BE-486C-8D51-3220F2028A12}
	EndGlobalSection
EndGlobal
